
Microsoft Visual Studio Solution File, Format Version 12.00
# Visual Studio 15
VisualStudioVersion = 15.0.27004.2005
MinimumVisualStudioVersion = 10.0.40219.1
Project("{9A19103F-16F7-4668-BE54-9A1E7A4F7556}") = "WebApi", "WebApi\WebApi.csproj", "{6B818173-F0C9-4769-AEA8-F3C8D488DDA1}"
EndProject
Project("{FAE04EC0-301F-11D3-BF4B-00C04F79EFBC}") = "WebTemplate", "WebTemplate\WebTemplate.csproj", "{DB6BE690-0592-48FF-BF8C-6683B214B05D}"
EndProject
Global
	GlobalSection(SolutionConfigurationPlatforms) = preSolution
		Debug|Any CPU = Debug|Any CPU
		Release|Any CPU = Release|Any CPU
	EndGlobalSection
	GlobalSection(ProjectConfigurationPlatforms) = postSolution
		{6B818173-F0C9-4769-AEA8-F3C8D488DDA1}.Debug|Any CPU.ActiveCfg = Debug|Any CPU
		{6B818173-F0C9-4769-AEA8-F3C8D488DDA1}.Debug|Any CPU.Build.0 = Debug|Any CPU
		{6B818173-F0C9-4769-AEA8-F3C8D488DDA1}.Release|Any CPU.ActiveCfg = Release|Any CPU
		{6B818173-F0C9-4769-AEA8-F3C8D488DDA1}.Release|Any CPU.Build.0 = Release|Any CPU
		{DB6BE690-0592-48FF-BF8C-6683B214B05D}.Debug|Any CPU.ActiveCfg = Debug|Any CPU
		{DB6BE690-0592-48FF-BF8C-6683B214B05D}.Debug|Any CPU.Build.0 = Debug|Any CPU
		{DB6BE690-0592-48FF-BF8C-6683B214B05D}.Release|Any CPU.ActiveCfg = Release|Any CPU
		{DB6BE690-0592-48FF-BF8C-6683B214B05D}.Release|Any CPU.Build.0 = Release|Any CPU
	EndGlobalSection
	GlobalSection(SolutionProperties) = preSolution
		HideSolutionNode = FALSE
	EndGlobalSection
	GlobalSection(ExtensibilityGlobals) = postSolution
		SolutionGuid = {62B9E7A3-B58D-4254-9C05-1AC24E37D435}
	EndGlobalSection
EndGlobal
